
Microsoft Visual Studio Solution File, Format Version 12.00
# Visual Studio 15
VisualStudioVersion = 15.0.28010.2036
MinimumVisualStudioVersion = 10.0.40219.1
Project("{FAE04EC0-301F-11D3-BF4B-00C04F79EFBC}") = "ExeToBat", "ExeToBat\ExeToBat.csproj", "{04F45237-23C8-4EE6-B61C-6C47B9979A4B}"
EndProject
Global
	GlobalSection(SolutionConfigurationPlatforms) = preSolution
		Debug|Any CPU = Debug|Any CPU
		Release|Any CPU = Release|Any CPU
	EndGlobalSection
	GlobalSection(ProjectConfigurationPlatforms) = postSolution
		{04F45237-23C8-4EE6-B61C-6C47B9979A4B}.Debug|Any CPU.ActiveCfg = Debug|Any CPU
		{04F45237-23C8-4EE6-B61C-6C47B9979A4B}.Debug|Any CPU.Build.0 = Debug|Any CPU
		{04F45237-23C8-4EE6-B61C-6C47B9979A4B}.Release|Any CPU.ActiveCfg = Release|Any CPU
		{04F45237-23C8-4EE6-B61C-6C47B9979A4B}.Release|Any CPU.Build.0 = Release|Any CPU
	EndGlobalSection
	GlobalSection(SolutionProperties) = preSolution
		HideSolutionNode = FALSE
	EndGlobalSection
	GlobalSection(ExtensibilityGlobals) = postSolution
		SolutionGuid = {4AA99DAC-6B37-42AF-8FB7-8394329BD79A}
	EndGlobalSection
EndGlobal
